<?xml version="1.0" encoding="utf-8"?>
<Project ToolsVersion="12.0" xmlns="http://schemas.microsoft.com/developer/msbuild/2003">
  <ItemGroup>
    <CustomBuild Include="C:\Users\Анна\Desktop\lab 1\mp2-lab1-set\CMakeFiles\3940bca85d9d4b024c3c0efad5b90108\generate.stamp.rule">
      <Filter>CMake Rules</Filter>
    </CustomBuild>
  </ItemGroup>
  <ItemGroup>
    <Filter Include="CMake Rules">
      <UniqueIdentifier>{DC698ED3-4B0E-38C1-BE61-3FA85ECDAA92}</UniqueIdentifier>
    </Filter>
  </ItemGroup>
</Project>
